
Microsoft Visual Studio Solution File, Format Version 12.00
# Visual Studio Version 16
VisualStudioVersion = 16.0.31129.286
MinimumVisualStudioVersion = 10.0.40219.1
Project("{2150E333-8FDC-42A3-9474-1A3956D46DE8}") = "src", "src", "{536F35E7-224B-4DFD-8D29-5A2012FCC2FB}"
EndProject
Project("{2150E333-8FDC-42A3-9474-1A3956D46DE8}") = "Dominio", "Dominio", "{3860FB58-D0AB-4949-A4EE-792005074F87}"
EndProject
Project("{2150E333-8FDC-42A3-9474-1A3956D46DE8}") = "Infra", "Infra", "{E0B99D5B-0ABE-4CFC-948D-A207DC2288CE}"
EndProject
Project("{2150E333-8FDC-42A3-9474-1A3956D46DE8}") = "WebApp", "WebApp", "{0435021F-A1ED-45BA-A2C8-13BEE5A3D4C1}"
EndProject
Project("{9A19103F-16F7-4668-BE54-9A1E7A4F7556}") = "WebApp", "src\WebApp\WebApp\WebApp.csproj", "{2C9519D9-BB5A-4E49-8C80-A49AF2007655}"
EndProject
Project("{9A19103F-16F7-4668-BE54-9A1E7A4F7556}") = "Dominio", "src\Dominio\Dominio\Dominio.csproj", "{FDC01F0E-BA9A-4FBF-9166-D43BE4972CE5}"
EndProject
Project("{9A19103F-16F7-4668-BE54-9A1E7A4F7556}") = "Infra", "src\Infra\Infra\Infra.csproj", "{406D366D-FA6D-4B04-B2A6-5B738142ABC4}"
EndProject
Project("{2150E333-8FDC-42A3-9474-1A3956D46DE8}") = "Historias", "Historias", "{231FA4FB-398E-4875-98C6-D47C3BDC9F15}"
EndProject
Project("{9A19103F-16F7-4668-BE54-9A1E7A4F7556}") = "Historias", "src\Historias\Historias\Historias.csproj", "{B89766AF-9FF6-4E7A-8E35-03B3661289B2}"
EndProject
Global
	GlobalSection(SolutionConfigurationPlatforms) = preSolution
		Debug|Any CPU = Debug|Any CPU
		Release|Any CPU = Release|Any CPU
	EndGlobalSection
	GlobalSection(ProjectConfigurationPlatforms) = postSolution
		{2C9519D9-BB5A-4E49-8C80-A49AF2007655}.Debug|Any CPU.ActiveCfg = Debug|Any CPU
		{2C9519D9-BB5A-4E49-8C80-A49AF2007655}.Debug|Any CPU.Build.0 = Debug|Any CPU
		{2C9519D9-BB5A-4E49-8C80-A49AF2007655}.Release|Any CPU.ActiveCfg = Release|Any CPU
		{2C9519D9-BB5A-4E49-8C80-A49AF2007655}.Release|Any CPU.Build.0 = Release|Any CPU
		{FDC01F0E-BA9A-4FBF-9166-D43BE4972CE5}.Debug|Any CPU.ActiveCfg = Debug|Any CPU
		{FDC01F0E-BA9A-4FBF-9166-D43BE4972CE5}.Debug|Any CPU.Build.0 = Debug|Any CPU
		{FDC01F0E-BA9A-4FBF-9166-D43BE4972CE5}.Release|Any CPU.ActiveCfg = Release|Any CPU
		{FDC01F0E-BA9A-4FBF-9166-D43BE4972CE5}.Release|Any CPU.Build.0 = Release|Any CPU
		{406D366D-FA6D-4B04-B2A6-5B738142ABC4}.Debug|Any CPU.ActiveCfg = Debug|Any CPU
		{406D366D-FA6D-4B04-B2A6-5B738142ABC4}.Debug|Any CPU.Build.0 = Debug|Any CPU
		{406D366D-FA6D-4B04-B2A6-5B738142ABC4}.Release|Any CPU.ActiveCfg = Release|Any CPU
		{406D366D-FA6D-4B04-B2A6-5B738142ABC4}.Release|Any CPU.Build.0 = Release|Any CPU
		{B89766AF-9FF6-4E7A-8E35-03B3661289B2}.Debug|Any CPU.ActiveCfg = Debug|Any CPU
		{B89766AF-9FF6-4E7A-8E35-03B3661289B2}.Debug|Any CPU.Build.0 = Debug|Any CPU
		{B89766AF-9FF6-4E7A-8E35-03B3661289B2}.Release|Any CPU.ActiveCfg = Release|Any CPU
		{B89766AF-9FF6-4E7A-8E35-03B3661289B2}.Release|Any CPU.Build.0 = Release|Any CPU
	EndGlobalSection
	GlobalSection(SolutionProperties) = preSolution
		HideSolutionNode = FALSE
	EndGlobalSection
	GlobalSection(NestedProjects) = preSolution
		{3860FB58-D0AB-4949-A4EE-792005074F87} = {536F35E7-224B-4DFD-8D29-5A2012FCC2FB}
		{E0B99D5B-0ABE-4CFC-948D-A207DC2288CE} = {536F35E7-224B-4DFD-8D29-5A2012FCC2FB}
		{0435021F-A1ED-45BA-A2C8-13BEE5A3D4C1} = {536F35E7-224B-4DFD-8D29-5A2012FCC2FB}
		{2C9519D9-BB5A-4E49-8C80-A49AF2007655} = {0435021F-A1ED-45BA-A2C8-13BEE5A3D4C1}
		{FDC01F0E-BA9A-4FBF-9166-D43BE4972CE5} = {3860FB58-D0AB-4949-A4EE-792005074F87}
		{406D366D-FA6D-4B04-B2A6-5B738142ABC4} = {E0B99D5B-0ABE-4CFC-948D-A207DC2288CE}
		{231FA4FB-398E-4875-98C6-D47C3BDC9F15} = {536F35E7-224B-4DFD-8D29-5A2012FCC2FB}
		{B89766AF-9FF6-4E7A-8E35-03B3661289B2} = {231FA4FB-398E-4875-98C6-D47C3BDC9F15}
	EndGlobalSection
	GlobalSection(ExtensibilityGlobals) = postSolution
		SolutionGuid = {73195C0B-F9A0-48AD-9258-1A2C820DF2E7}
	EndGlobalSection
EndGlobal
